// !$*UTF8*$!
{
	archiveVersion = 1;
	classes = {
	};
	objectVersion = 46;
	objects = {

/* Begin PBXBuildFile section */
		5583127C1681F4EC003FA393 /* ServerAccess.m in Sources */ = {isa = PBXBuildFile; fileRef = 5583127B1681F4EC003FA393 /* ServerAccess.m */; };
		558312801681F514003FA393 /* AccessViewController.m in Sources */ = {isa = PBXBuildFile; fileRef = 5583127F1681F514003FA393 /* AccessViewController.m */; };
		558312811681F529003FA393 /* AccessViewController.m in Sources */ = {isa = PBXBuildFile; fileRef = 5583127F1681F514003FA393 /* AccessViewController.m */; };
		558312821681F531003FA393 /* ServerAccess.m in Sources */ = {isa = PBXBuildFile; fileRef = 5583127B1681F4EC003FA393 /* ServerAccess.m */; };
		558312851681F548003FA393 /* ssh_connection.c in Sources */ = {isa = PBXBuildFile; fileRef = 558312831681F548003FA393 /* ssh_connection.c */; };
		558312861681F55C003FA393 /* ssh_connection.c in Sources */ = {isa = PBXBuildFile; fileRef = 558312831681F548003FA393 /* ssh_connection.c */; };
		5583128C1681F592003FA393 /* ori_list.c in Sources */ = {isa = PBXBuildFile; fileRef = 558312881681F592003FA393 /* ori_list.c */; };
		5583128D1681F592003FA393 /* ori_thread.c in Sources */ = {isa = PBXBuildFile; fileRef = 5583128A1681F592003FA393 /* ori_thread.c */; };
		558312901681F5A1003FA393 /* data_access_controller.c in Sources */ = {isa = PBXBuildFile; fileRef = 5583128E1681F5A1003FA393 /* data_access_controller.c */; };
		558312911681F5BA003FA393 /* data_access_controller.c in Sources */ = {isa = PBXBuildFile; fileRef = 5583128E1681F5A1003FA393 /* data_access_controller.c */; };
		558312921681F5C0003FA393 /* ori_thread.c in Sources */ = {isa = PBXBuildFile; fileRef = 5583128A1681F592003FA393 /* ori_thread.c */; };
		558312931681F5C6003FA393 /* ori_list.c in Sources */ = {isa = PBXBuildFile; fileRef = 558312881681F592003FA393 /* ori_list.c */; };
		5583129A1681F6C7003FA393 /* libcrypto.a in Frameworks */ = {isa = PBXBuildFile; fileRef = 558312951681F6C6003FA393 /* libcrypto.a */; };
		5583129B1681F6C7003FA393 /* libgcrypt.a in Frameworks */ = {isa = PBXBuildFile; fileRef = 558312961681F6C6003FA393 /* libgcrypt.a */; };
		5583129C1681F6C7003FA393 /* libgpg-error.a in Frameworks */ = {isa = PBXBuildFile; fileRef = 558312971681F6C6003FA393 /* libgpg-error.a */; };
		5583129D1681F6C7003FA393 /* libssh2.a in Frameworks */ = {isa = PBXBuildFile; fileRef = 558312981681F6C7003FA393 /* libssh2.a */; };
		5583129E1681F6C7003FA393 /* libssl.a in Frameworks */ = {isa = PBXBuildFile; fileRef = 558312991681F6C7003FA393 /* libssl.a */; };
		FE106D0B161A69C400E95F26 /* ssh_debug.c in Sources */ = {isa = PBXBuildFile; fileRef = FE106D0A161A69C400E95F26 /* ssh_debug.c */; };
		FE4CD4CE1630D5CC0095D13E /* TerminalLog.m in Sources */ = {isa = PBXBuildFile; fileRef = FE4CD4CD1630D5CC0095D13E /* TerminalLog.m */; };
		FE4CD4D41630E0D60095D13E /* Queue.m in Sources */ = {isa = PBXBuildFile; fileRef = FE4CD4D31630E0D60095D13E /* Queue.m */; };
		FE4CD4D91630E7F70095D13E /* string_misc.c in Sources */ = {isa = PBXBuildFile; fileRef = FE4CD4D81630E7F70095D13E /* string_misc.c */; };
		FEE8CFE316363B52006896F6 /* memoryDebug.m in Sources */ = {isa = PBXBuildFile; fileRef = FEE8CFE216363B51006896F6 /* memoryDebug.m */; };
		FEECD118161182DA00EE229E /* UIKit.framework in Frameworks */ = {isa = PBXBuildFile; fileRef = FEECD117161182DA00EE229E /* UIKit.framework */; };
		FEECD11A161182DA00EE229E /* Foundation.framework in Frameworks */ = {isa = PBXBuildFile; fileRef = FEECD119161182DA00EE229E /* Foundation.framework */; };
		FEECD11C161182DA00EE229E /* CoreGraphics.framework in Frameworks */ = {isa = PBXBuildFile; fileRef = FEECD11B161182DA00EE229E /* CoreGraphics.framework */; };
		FEECD122161182DA00EE229E /* InfoPlist.strings in Resources */ = {isa = PBXBuildFile; fileRef = FEECD120161182DA00EE229E /* InfoPlist.strings */; };
		FEECD124161182DA00EE229E /* main.m in Sources */ = {isa = PBXBuildFile; fileRef = FEECD123161182DA00EE229E /* main.m */; };
		FEECD128161182DA00EE229E /* AppDelegate.m in Sources */ = {isa = PBXBuildFile; fileRef = FEECD127161182DA00EE229E /* AppDelegate.m */; };
		FEECD12A161182DA00EE229E /* Default.png in Resources */ = {isa = PBXBuildFile; fileRef = FEECD129161182DA00EE229E /* Default.png */; };
		FEECD12C161182DA00EE229E /* Default@2x.png in Resources */ = {isa = PBXBuildFile; fileRef = FEECD12B161182DA00EE229E /* Default@2x.png */; };
		FEECD12E161182DA00EE229E /* Default-568h@2x.png in Resources */ = {isa = PBXBuildFile; fileRef = FEECD12D161182DA00EE229E /* Default-568h@2x.png */; };
		FEECD145161182DB00EE229E /* SenTestingKit.framework in Frameworks */ = {isa = PBXBuildFile; fileRef = FEECD144161182DB00EE229E /* SenTestingKit.framework */; };
		FEECD146161182DB00EE229E /* UIKit.framework in Frameworks */ = {isa = PBXBuildFile; fileRef = FEECD117161182DA00EE229E /* UIKit.framework */; };
		FEECD147161182DB00EE229E /* Foundation.framework in Frameworks */ = {isa = PBXBuildFile; fileRef = FEECD119161182DA00EE229E /* Foundation.framework */; };
		FEECD14F161182DB00EE229E /* InfoPlist.strings in Resources */ = {isa = PBXBuildFile; fileRef = FEECD14D161182DB00EE229E /* InfoPlist.strings */; };
		FEECD152161182DB00EE229E /* SshTerminalTests.m in Sources */ = {isa = PBXBuildFile; fileRef = FEECD151161182DB00EE229E /* SshTerminalTests.m */; };
		FEECD1C91611979B00EE229E /* libz.dylib in Frameworks */ = {isa = PBXBuildFile; fileRef = FEECD1C81611979B00EE229E /* libz.dylib */; };
		FEEDB2DA1627F9C100C943A8 /* VirtualTextView.m in Sources */ = {isa = PBXBuildFile; fileRef = FEEDB2D91627F9C100C943A8 /* VirtualTextView.m */; };
		FEEDB4C7162D4CFB00771794 /* TerminalTextView.m in Sources */ = {isa = PBXBuildFile; fileRef = FEEDB4C6162D4CFB00771794 /* TerminalTextView.m */; };
		FEEEF9A81637D394001EE9D3 /* escapesequence.c in Sources */ = {isa = PBXBuildFile; fileRef = FEEEF9A71637D394001EE9D3 /* escapesequence.c */; };
		FEF03B431627CA1600CFDF79 /* NSStringLineAddition.m in Sources */ = {isa = PBXBuildFile; fileRef = FEF03B421627CA1600CFDF79 /* NSStringLineAddition.m */; };
		FEF4E61E161D189800061A9D /* TerminalViewController.m in Sources */ = {isa = PBXBuildFile; fileRef = FEF4E61D161D189800061A9D /* TerminalViewController.m */; };
		FEFD0F121638D7B2001A0B7D /* TerminalAppView.m in Sources */ = {isa = PBXBuildFile; fileRef = FEFD0F111638D7B2001A0B7D /* TerminalAppView.m */; };
		FEFD0F151638D838001A0B7D /* AppTextView.m in Sources */ = {isa = PBXBuildFile; fileRef = FEFD0F141638D838001A0B7D /* AppTextView.m */; };
/* End PBXBuildFile section */

/* Begin PBXContainerItemProxy section */
		FEECD148161182DB00EE229E /* PBXContainerItemProxy */ = {
			isa = PBXContainerItemProxy;
			containerPortal = FEECD10A161182DA00EE229E /* Project object */;
			proxyType = 1;
			remoteGlobalIDString = FEECD112161182DA00EE229E;
			remoteInfo = SshTerminal;
		};
/* End PBXContainerItemProxy section */

/* Begin PBXFileReference section */
		551C88291657971700FB527E /* libssh2.a */ = {isa = PBXFileReference; lastKnownFileType = archive.ar; name = libssh2.a; path = "/Users/psg/Downloads/libssh2-for-iOS-master/lib/libssh2.a"; sourceTree = "<absolute>"; };
		551C882B1657973600FB527E /* libgcrypt.a */ = {isa = PBXFileReference; lastKnownFileType = archive.ar; name = libgcrypt.a; path = "/Users/psg/Downloads/libssh2-for-iOS-master/lib/libgcrypt.a"; sourceTree = "<absolute>"; };
		551C882D1657974800FB527E /* libssl.a */ = {isa = PBXFileReference; lastKnownFileType = archive.ar; name = libssl.a; path = "/Users/psg/Downloads/libssh2-for-iOS-master/lib/libssl.a"; sourceTree = "<absolute>"; };
		551C882F1657976100FB527E /* libgpg-error.a */ = {isa = PBXFileReference; lastKnownFileType = archive.ar; name = "libgpg-error.a"; path = "/Users/psg/Downloads/libssh2-for-iOS-master/lib/libgpg-error.a"; sourceTree = "<absolute>"; };
		551C88311657978A00FB527E /* libcrypto.a */ = {isa = PBXFileReference; lastKnownFileType = archive.ar; name = libcrypto.a; path = "/Users/psg/Downloads/libssh2-for-iOS-master/lib/libcrypto.a"; sourceTree = "<absolute>"; };
		5583127A1681F4EC003FA393 /* ServerAccess.h */ = {isa = PBXFileReference; fileEncoding = 4; lastKnownFileType = sourcecode.c.h; name = ServerAccess.h; path = ../../../lib/ServerAccess.h; sourceTree = "<group>"; };
		5583127B1681F4EC003FA393 /* ServerAccess.m */ = {isa = PBXFileReference; fileEncoding = 4; lastKnownFileType = sourcecode.c.objc; name = ServerAccess.m; path = ../../../lib/ServerAccess.m; sourceTree = "<group>"; };
		5583127E1681F514003FA393 /* AccessViewController.h */ = {isa = PBXFileReference; fileEncoding = 4; lastKnownFileType = sourcecode.c.h; path = AccessViewController.h; sourceTree = "<group>"; };
		5583127F1681F514003FA393 /* AccessViewController.m */ = {isa = PBXFileReference; fileEncoding = 4; lastKnownFileType = sourcecode.c.objc; path = AccessViewController.m; sourceTree = "<group>"; };
		558312831681F548003FA393 /* ssh_connection.c */ = {isa = PBXFileReference; fileEncoding = 4; lastKnownFileType = sourcecode.c.c; name = ssh_connection.c; path = ../../../lib/ssh_connection.c; sourceTree = "<group>"; };
		558312841681F548003FA393 /* ssh_connection.h */ = {isa = PBXFileReference; fileEncoding = 4; lastKnownFileType = sourcecode.c.h; name = ssh_connection.h; path = ../../../lib/ssh_connection.h; sourceTree = "<group>"; };
		558312871681F569003FA393 /* ssh_typedef.h */ = {isa = PBXFileReference; fileEncoding = 4; lastKnownFileType = sourcecode.c.h; name = ssh_typedef.h; path = ../../../lib/ssh_typedef.h; sourceTree = "<group>"; };
		558312881681F592003FA393 /* ori_list.c */ = {isa = PBXFileReference; fileEncoding = 4; lastKnownFileType = sourcecode.c.c; name = ori_list.c; path = ../../../lib/ori_list.c; sourceTree = "<group>"; };
		558312891681F592003FA393 /* ori_list.h */ = {isa = PBXFileReference; fileEncoding = 4; lastKnownFileType = sourcecode.c.h; name = ori_list.h; path = ../../../lib/ori_list.h; sourceTree = "<group>"; };
		5583128A1681F592003FA393 /* ori_thread.c */ = {isa = PBXFileReference; fileEncoding = 4; lastKnownFileType = sourcecode.c.c; name = ori_thread.c; path = ../../../lib/ori_thread.c; sourceTree = "<group>"; };
		5583128B1681F592003FA393 /* ori_thread.h */ = {isa = PBXFileReference; fileEncoding = 4; lastKnownFileType = sourcecode.c.h; name = ori_thread.h; path = ../../../lib/ori_thread.h; sourceTree = "<group>"; };
		5583128E1681F5A1003FA393 /* data_access_controller.c */ = {isa = PBXFileReference; fileEncoding = 4; lastKnownFileType = sourcecode.c.c; name = data_access_controller.c; path = ../../../lib/data_access_controller.c; sourceTree = "<group>"; };
		5583128F1681F5A1003FA393 /* data_access_controller.h */ = {isa = PBXFileReference; fileEncoding = 4; lastKnownFileType = sourcecode.c.h; name = data_access_controller.h; path = ../../../lib/data_access_controller.h; sourceTree = "<group>"; };
		558312941681F616003FA393 /* libssh2.h */ = {isa = PBXFileReference; fileEncoding = 4; lastKnownFileType = sourcecode.c.h; name = libssh2.h; path = ../../../lib/include/libssh2/libssh2.h; sourceTree = "<group>"; };
		558312951681F6C6003FA393 /* libcrypto.a */ = {isa = PBXFileReference; lastKnownFileType = archive.ar; name = libcrypto.a; path = ../../../lib/include/lib/libcrypto.a; sourceTree = "<group>"; };
		558312961681F6C6003FA393 /* libgcrypt.a */ = {isa = PBXFileReference; lastKnownFileType = archive.ar; name = libgcrypt.a; path = ../../../lib/include/lib/libgcrypt.a; sourceTree = "<group>"; };
		558312971681F6C6003FA393 /* libgpg-error.a */ = {isa = PBXFileReference; lastKnownFileType = archive.ar; name = "libgpg-error.a"; path = "../../../lib/include/lib/libgpg-error.a"; sourceTree = "<group>"; };
		558312981681F6C7003FA393 /* libssh2.a */ = {isa = PBXFileReference; lastKnownFileType = archive.ar; name = libssh2.a; path = ../../../lib/include/lib/libssh2.a; sourceTree = "<group>"; };
		558312991681F6C7003FA393 /* libssl.a */ = {isa = PBXFileReference; lastKnownFileType = archive.ar; name = libssl.a; path = ../../../lib/include/lib/libssl.a; sourceTree = "<group>"; };
		FE106D09161A69B800E95F26 /* ssh_debug.h */ = {isa = PBXFileReference; fileEncoding = 4; lastKnownFileType = sourcecode.c.h; path = ssh_debug.h; sourceTree = "<group>"; };
		FE106D0A161A69C400E95F26 /* ssh_debug.c */ = {isa = PBXFileReference; fileEncoding = 4; lastKnownFileType = sourcecode.c.c; path = ssh_debug.c; sourceTree = "<group>"; };
		FE4CD4CB1630D5C00095D13E /* TerminalLog.h */ = {isa = PBXFileReference; fileEncoding = 4; lastKnownFileType = sourcecode.c.h; path = TerminalLog.h; sourceTree = "<group>"; };
		FE4CD4CD1630D5CC0095D13E /* TerminalLog.m */ = {isa = PBXFileReference; fileEncoding = 4; lastKnownFileType = sourcecode.c.objc; path = TerminalLog.m; sourceTree = "<group>"; };
		FE4CD4D21630E0CB0095D13E /* Queue.h */ = {isa = PBXFileReference; fileEncoding = 4; lastKnownFileType = sourcecode.c.h; path = Queue.h; sourceTree = "<group>"; };
		FE4CD4D31630E0D60095D13E /* Queue.m */ = {isa = PBXFileReference; fileEncoding = 4; lastKnownFileType = sourcecode.c.objc; path = Queue.m; sourceTree = "<group>"; };
		FE4CD4D51630E7D70095D13E /* string_misc.h */ = {isa = PBXFileReference; fileEncoding = 4; lastKnownFileType = sourcecode.c.h; path = string_misc.h; sourceTree = "<group>"; };
		FE4CD4D81630E7F70095D13E /* string_misc.c */ = {isa = PBXFileReference; fileEncoding = 4; lastKnownFileType = sourcecode.c.c; path = string_misc.c; sourceTree = "<group>"; };
		FEE4851A163F8BAC00A6122A /* ssh_terminal_typedef.h */ = {isa = PBXFileReference; fileEncoding = 4; lastKnownFileType = sourcecode.c.h; path = ssh_terminal_typedef.h; sourceTree = "<group>"; };
		FEE8CFE016363B44006896F6 /* memoryDebug.h */ = {isa = PBXFileReference; fileEncoding = 4; lastKnownFileType = sourcecode.c.h; path = memoryDebug.h; sourceTree = "<group>"; };
		FEE8CFE216363B51006896F6 /* memoryDebug.m */ = {isa = PBXFileReference; fileEncoding = 4; lastKnownFileType = sourcecode.c.objc; path = memoryDebug.m; sourceTree = "<group>"; };
		FEECD113161182DA00EE229E /* SshTerminal.app */ = {isa = PBXFileReference; explicitFileType = wrapper.application; includeInIndex = 0; path = SshTerminal.app; sourceTree = BUILT_PRODUCTS_DIR; };
		FEECD117161182DA00EE229E /* UIKit.framework */ = {isa = PBXFileReference; lastKnownFileType = wrapper.framework; name = UIKit.framework; path = System/Library/Frameworks/UIKit.framework; sourceTree = SDKROOT; };
		FEECD119161182DA00EE229E /* Foundation.framework */ = {isa = PBXFileReference; lastKnownFileType = wrapper.framework; name = Foundation.framework; path = System/Library/Frameworks/Foundation.framework; sourceTree = SDKROOT; };
		FEECD11B161182DA00EE229E /* CoreGraphics.framework */ = {isa = PBXFileReference; lastKnownFileType = wrapper.framework; name = CoreGraphics.framework; path = System/Library/Frameworks/CoreGraphics.framework; sourceTree = SDKROOT; };
		FEECD11F161182DA00EE229E /* SshTerminal-Info.plist */ = {isa = PBXFileReference; lastKnownFileType = text.plist.xml; path = "SshTerminal-Info.plist"; sourceTree = "<group>"; };
		FEECD121161182DA00EE229E /* en */ = {isa = PBXFileReference; lastKnownFileType = text.plist.strings; name = en; path = en.lproj/InfoPlist.strings; sourceTree = "<group>"; };
		FEECD123161182DA00EE229E /* main.m */ = {isa = PBXFileReference; lastKnownFileType = sourcecode.c.objc; path = main.m; sourceTree = "<group>"; };
		FEECD125161182DA00EE229E /* SshTerminal-Prefix.pch */ = {isa = PBXFileReference; lastKnownFileType = sourcecode.c.h; path = "SshTerminal-Prefix.pch"; sourceTree = "<group>"; };
		FEECD126161182DA00EE229E /* AppDelegate.h */ = {isa = PBXFileReference; lastKnownFileType = sourcecode.c.h; path = AppDelegate.h; sourceTree = "<group>"; };
		FEECD127161182DA00EE229E /* AppDelegate.m */ = {isa = PBXFileReference; lastKnownFileType = sourcecode.c.objc; path = AppDelegate.m; sourceTree = "<group>"; };
		FEECD129161182DA00EE229E /* Default.png */ = {isa = PBXFileReference; lastKnownFileType = image.png; path = Default.png; sourceTree = "<group>"; };
		FEECD12B161182DA00EE229E /* Default@2x.png */ = {isa = PBXFileReference; lastKnownFileType = image.png; path = "Default@2x.png"; sourceTree = "<group>"; };
		FEECD12D161182DA00EE229E /* Default-568h@2x.png */ = {isa = PBXFileReference; lastKnownFileType = image.png; path = "Default-568h@2x.png"; sourceTree = "<group>"; };
		FEECD143161182DB00EE229E /* SshTerminalTests.octest */ = {isa = PBXFileReference; explicitFileType = wrapper.cfbundle; includeInIndex = 0; path = SshTerminalTests.octest; sourceTree = BUILT_PRODUCTS_DIR; };
		FEECD144161182DB00EE229E /* SenTestingKit.framework */ = {isa = PBXFileReference; lastKnownFileType = wrapper.framework; name = SenTestingKit.framework; path = Library/Frameworks/SenTestingKit.framework; sourceTree = DEVELOPER_DIR; };
		FEECD14C161182DB00EE229E /* SshTerminalTests-Info.plist */ = {isa = PBXFileReference; lastKnownFileType = text.plist.xml; path = "SshTerminalTests-Info.plist"; sourceTree = "<group>"; };
		FEECD14E161182DB00EE229E /* en */ = {isa = PBXFileReference; lastKnownFileType = text.plist.strings; name = en; path = en.lproj/InfoPlist.strings; sourceTree = "<group>"; };
		FEECD150161182DB00EE229E /* SshTerminalTests.h */ = {isa = PBXFileReference; lastKnownFileType = sourcecode.c.h; path = SshTerminalTests.h; sourceTree = "<group>"; };
		FEECD151161182DB00EE229E /* SshTerminalTests.m */ = {isa = PBXFileReference; lastKnownFileType = sourcecode.c.objc; path = SshTerminalTests.m; sourceTree = "<group>"; };
		FEECD1C81611979B00EE229E /* libz.dylib */ = {isa = PBXFileReference; lastKnownFileType = "compiled.mach-o.dylib"; name = libz.dylib; path = usr/lib/libz.dylib; sourceTree = SDKROOT; };
		FEEDB2D71627F9B200C943A8 /* VirtualTextView.h */ = {isa = PBXFileReference; fileEncoding = 4; lastKnownFileType = sourcecode.c.h; path = VirtualTextView.h; sourceTree = "<group>"; };
		FEEDB2D91627F9C100C943A8 /* VirtualTextView.m */ = {isa = PBXFileReference; fileEncoding = 4; lastKnownFileType = sourcecode.c.objc; path = VirtualTextView.m; sourceTree = "<group>"; };
		FEEDB4C5162D4CED00771794 /* TerminalTextView.h */ = {isa = PBXFileReference; fileEncoding = 4; lastKnownFileType = sourcecode.c.h; path = TerminalTextView.h; sourceTree = "<group>"; };
		FEEDB4C6162D4CFB00771794 /* TerminalTextView.m */ = {isa = PBXFileReference; fileEncoding = 4; lastKnownFileType = sourcecode.c.objc; path = TerminalTextView.m; sourceTree = "<group>"; };
		FEEEF9A61637D37F001EE9D3 /* escapesequence.h */ = {isa = PBXFileReference; fileEncoding = 4; lastKnownFileType = sourcecode.c.h; path = escapesequence.h; sourceTree = "<group>"; };
		FEEEF9A71637D394001EE9D3 /* escapesequence.c */ = {isa = PBXFileReference; fileEncoding = 4; lastKnownFileType = sourcecode.c.c; path = escapesequence.c; sourceTree = "<group>"; };
		FEF03B3B1627AAEE00CFDF79 /* NSStringLineAddition.h */ = {isa = PBXFileReference; fileEncoding = 4; lastKnownFileType = sourcecode.c.h; path = NSStringLineAddition.h; sourceTree = "<group>"; };
		FEF03B421627CA1600CFDF79 /* NSStringLineAddition.m */ = {isa = PBXFileReference; fileEncoding = 4; lastKnownFileType = sourcecode.c.objc; path = NSStringLineAddition.m; sourceTree = "<group>"; };
		FEF4E61C161D188900061A9D /* TerminalViewController.h */ = {isa = PBXFileReference; fileEncoding = 4; lastKnownFileType = sourcecode.c.h; path = TerminalViewController.h; sourceTree = "<group>"; };
		FEF4E61D161D189800061A9D /* TerminalViewController.m */ = {isa = PBXFileReference; fileEncoding = 4; lastKnownFileType = sourcecode.c.objc; path = TerminalViewController.m; sourceTree = "<group>"; };
		FEFD0F0F1638D7A1001A0B7D /* TerminalAppView.h */ = {isa = PBXFileReference; fileEncoding = 4; lastKnownFileType = sourcecode.c.h; path = TerminalAppView.h; sourceTree = "<group>"; };
		FEFD0F111638D7B2001A0B7D /* TerminalAppView.m */ = {isa = PBXFileReference; fileEncoding = 4; lastKnownFileType = sourcecode.c.objc; path = TerminalAppView.m; sourceTree = "<group>"; };
		FEFD0F131638D82D001A0B7D /* AppTextView.h */ = {isa = PBXFileReference; fileEncoding = 4; lastKnownFileType = sourcecode.c.h; path = AppTextView.h; sourceTree = "<group>"; };
		FEFD0F141638D838001A0B7D /* AppTextView.m */ = {isa = PBXFileReference; fileEncoding = 4; lastKnownFileType = sourcecode.c.objc; path = AppTextView.m; sourceTree = "<group>"; };
/* End PBXFileReference section */

/* Begin PBXFrameworksBuildPhase section */
		FEECD110161182DA00EE229E /* Frameworks */ = {
			isa = PBXFrameworksBuildPhase;
			buildActionMask = 2147483647;
			files = (
				FEECD1C91611979B00EE229E /* libz.dylib in Frameworks */,
				5583129A1681F6C7003FA393 /* libcrypto.a in Frameworks */,
				5583129B1681F6C7003FA393 /* libgcrypt.a in Frameworks */,
				5583129C1681F6C7003FA393 /* libgpg-error.a in Frameworks */,
				5583129D1681F6C7003FA393 /* libssh2.a in Frameworks */,
				5583129E1681F6C7003FA393 /* libssl.a in Frameworks */,
				FEECD118161182DA00EE229E /* UIKit.framework in Frameworks */,
				FEECD11A161182DA00EE229E /* Foundation.framework in Frameworks */,
				FEECD11C161182DA00EE229E /* CoreGraphics.framework in Frameworks */,
			);
			runOnlyForDeploymentPostprocessing = 0;
		};
		FEECD13F161182DB00EE229E /* Frameworks */ = {
			isa = PBXFrameworksBuildPhase;
			buildActionMask = 2147483647;
			files = (
				FEECD145161182DB00EE229E /* SenTestingKit.framework in Frameworks */,
				FEECD146161182DB00EE229E /* UIKit.framework in Frameworks */,
				FEECD147161182DB00EE229E /* Foundation.framework in Frameworks */,
			);
			runOnlyForDeploymentPostprocessing = 0;
		};
/* End PBXFrameworksBuildPhase section */

/* Begin PBXGroup section */
		55BCEB6F1661B73C00EFE173 /* Terminal */ = {
			isa = PBXGroup;
			children = (
				FEECD126161182DA00EE229E /* AppDelegate.h */,
				FEECD127161182DA00EE229E /* AppDelegate.m */,
				5583127A1681F4EC003FA393 /* ServerAccess.h */,
				5583127E1681F514003FA393 /* AccessViewController.h */,
				5583127F1681F514003FA393 /* AccessViewController.m */,
				5583127B1681F4EC003FA393 /* ServerAccess.m */,
				FEF4E61C161D188900061A9D /* TerminalViewController.h */,
				FEF4E61D161D189800061A9D /* TerminalViewController.m */,
				FEEDB2D71627F9B200C943A8 /* VirtualTextView.h */,
				FEEDB2D91627F9C100C943A8 /* VirtualTextView.m */,
				FEEDB4C5162D4CED00771794 /* TerminalTextView.h */,
				FEEDB4C6162D4CFB00771794 /* TerminalTextView.m */,
				FEFD0F0F1638D7A1001A0B7D /* TerminalAppView.h */,
				FEFD0F111638D7B2001A0B7D /* TerminalAppView.m */,
				FEFD0F131638D82D001A0B7D /* AppTextView.h */,
				FEFD0F141638D838001A0B7D /* AppTextView.m */,
				FE4CD4CB1630D5C00095D13E /* TerminalLog.h */,
				FE4CD4CD1630D5CC0095D13E /* TerminalLog.m */,
			);
			name = Terminal;
			sourceTree = "<group>";
		};
		55BCEB701661B83800EFE173 /* ssh */ = {
			isa = PBXGroup;
			children = (
				558312831681F548003FA393 /* ssh_connection.c */,
				558312841681F548003FA393 /* ssh_connection.h */,
			);
			name = ssh;
			sourceTree = "<group>";
		};
		55BCEB711661B85500EFE173 /* misc */ = {
			isa = PBXGroup;
			children = (
				55BCEB751661E65500EFE173 /* debug */,
				55BCEB731661B86B00EFE173 /* Objective-C */,
				55BCEB721661B86400EFE173 /* C */,
			);
			name = misc;
			sourceTree = "<group>";
		};
		55BCEB721661B86400EFE173 /* C */ = {
			isa = PBXGroup;
			children = (
				FEEEF9A61637D37F001EE9D3 /* escapesequence.h */,
				FEEEF9A71637D394001EE9D3 /* escapesequence.c */,
				FE4CD4D51630E7D70095D13E /* string_misc.h */,
				FE4CD4D81630E7F70095D13E /* string_misc.c */,
				5583128E1681F5A1003FA393 /* data_access_controller.c */,
				5583128F1681F5A1003FA393 /* data_access_controller.h */,
				558312881681F592003FA393 /* ori_list.c */,
				558312891681F592003FA393 /* ori_list.h */,
				5583128A1681F592003FA393 /* ori_thread.c */,
				5583128B1681F592003FA393 /* ori_thread.h */,
			);
			name = C;
			sourceTree = "<group>";
		};
		55BCEB731661B86B00EFE173 /* Objective-C */ = {
			isa = PBXGroup;
			children = (
				FEF03B3B1627AAEE00CFDF79 /* NSStringLineAddition.h */,
				FEF03B421627CA1600CFDF79 /* NSStringLineAddition.m */,
				FE4CD4D21630E0CB0095D13E /* Queue.h */,
				FE4CD4D31630E0D60095D13E /* Queue.m */,
			);
			name = "Objective-C";
			sourceTree = "<group>";
		};
		55BCEB741661E62A00EFE173 /* typedef */ = {
			isa = PBXGroup;
			children = (
				558312871681F569003FA393 /* ssh_typedef.h */,
				FEE4851A163F8BAC00A6122A /* ssh_terminal_typedef.h */,
			);
			name = typedef;
			sourceTree = "<group>";
		};
		55BCEB751661E65500EFE173 /* debug */ = {
			isa = PBXGroup;
			children = (
				FE106D09161A69B800E95F26 /* ssh_debug.h */,
				FE106D0A161A69C400E95F26 /* ssh_debug.c */,
				FEE8CFE016363B44006896F6 /* memoryDebug.h */,
				FEE8CFE216363B51006896F6 /* memoryDebug.m */,
			);
			name = debug;
			sourceTree = "<group>";
		};
		FEECD108161182DA00EE229E = {
			isa = PBXGroup;
			children = (
				FEECD11D161182DA00EE229E /* SshTerminal */,
				FEECD14A161182DB00EE229E /* SshTerminalTests */,
				FEECD116161182DA00EE229E /* Frameworks */,
				FEECD114161182DA00EE229E /* Products */,
			);
			sourceTree = "<group>";
		};
		FEECD114161182DA00EE229E /* Products */ = {
			isa = PBXGroup;
			children = (
				FEECD113161182DA00EE229E /* SshTerminal.app */,
				FEECD143161182DB00EE229E /* SshTerminalTests.octest */,
			);
			name = Products;
			sourceTree = "<group>";
		};
		FEECD116161182DA00EE229E /* Frameworks */ = {
			isa = PBXGroup;
			children = (
				551C88311657978A00FB527E /* libcrypto.a */,
				551C882F1657976100FB527E /* libgpg-error.a */,
				551C882D1657974800FB527E /* libssl.a */,
				551C882B1657973600FB527E /* libgcrypt.a */,
				551C88291657971700FB527E /* libssh2.a */,
				FEECD1C81611979B00EE229E /* libz.dylib */,
				FEECD117161182DA00EE229E /* UIKit.framework */,
				FEECD119161182DA00EE229E /* Foundation.framework */,
				FEECD11B161182DA00EE229E /* CoreGraphics.framework */,
				FEECD144161182DB00EE229E /* SenTestingKit.framework */,
			);
			name = Frameworks;
			sourceTree = "<group>";
		};
		FEECD11D161182DA00EE229E /* SshTerminal */ = {
			isa = PBXGroup;
			children = (
				55BCEB741661E62A00EFE173 /* typedef */,
				55BCEB711661B85500EFE173 /* misc */,
				55BCEB701661B83800EFE173 /* ssh */,
				55BCEB6F1661B73C00EFE173 /* Terminal */,
				FEECD11E161182DA00EE229E /* Supporting Files */,
			);
			path = SshTerminal;
			sourceTree = "<group>";
		};
		FEECD11E161182DA00EE229E /* Supporting Files */ = {
			isa = PBXGroup;
			children = (
				558312951681F6C6003FA393 /* libcrypto.a */,
				558312961681F6C6003FA393 /* libgcrypt.a */,
				558312971681F6C6003FA393 /* libgpg-error.a */,
				558312981681F6C7003FA393 /* libssh2.a */,
				558312991681F6C7003FA393 /* libssl.a */,
				FEECD11F161182DA00EE229E /* SshTerminal-Info.plist */,
				FEECD120161182DA00EE229E /* InfoPlist.strings */,
				FEECD123161182DA00EE229E /* main.m */,
				558312941681F616003FA393 /* libssh2.h */,
				FEECD125161182DA00EE229E /* SshTerminal-Prefix.pch */,
				FEECD129161182DA00EE229E /* Default.png */,
				FEECD12B161182DA00EE229E /* Default@2x.png */,
				FEECD12D161182DA00EE229E /* Default-568h@2x.png */,
			);
			name = "Supporting Files";
			sourceTree = "<group>";
		};
		FEECD14A161182DB00EE229E /* SshTerminalTests */ = {
			isa = PBXGroup;
			children = (
				FEECD150161182DB00EE229E /* SshTerminalTests.h */,
				FEECD151161182DB00EE229E /* SshTerminalTests.m */,
				FEECD14B161182DB00EE229E /* Supporting Files */,
			);
			path = SshTerminalTests;
			sourceTree = "<group>";
		};
		FEECD14B161182DB00EE229E /* Supporting Files */ = {
			isa = PBXGroup;
			children = (
				FEECD14C161182DB00EE229E /* SshTerminalTests-Info.plist */,
				FEECD14D161182DB00EE229E /* InfoPlist.strings */,
			);
			name = "Supporting Files";
			sourceTree = "<group>";
		};
/* End PBXGroup section */

/* Begin PBXNativeTarget section */
		FEECD112161182DA00EE229E /* SshTerminal */ = {
			isa = PBXNativeTarget;
			buildConfigurationList = FEECD155161182DB00EE229E /* Build configuration list for PBXNativeTarget "SshTerminal" */;
			buildPhases = (
				FEECD10F161182DA00EE229E /* Sources */,
				FEECD110161182DA00EE229E /* Frameworks */,
				FEECD111161182DA00EE229E /* Resources */,
			);
			buildRules = (
			);
			dependencies = (
			);
			name = SshTerminal;
			productName = SshTerminal;
			productReference = FEECD113161182DA00EE229E /* SshTerminal.app */;
			productType = "com.apple.product-type.application";
		};
		FEECD142161182DB00EE229E /* SshTerminalTests */ = {
			isa = PBXNativeTarget;
			buildConfigurationList = FEECD158161182DB00EE229E /* Build configuration list for PBXNativeTarget "SshTerminalTests" */;
			buildPhases = (
				FEECD13E161182DB00EE229E /* Sources */,
				FEECD13F161182DB00EE229E /* Frameworks */,
				FEECD140161182DB00EE229E /* Resources */,
				FEECD141161182DB00EE229E /* ShellScript */,
			);
			buildRules = (
			);
			dependencies = (
				FEECD149161182DB00EE229E /* PBXTargetDependency */,
			);
			name = SshTerminalTests;
			productName = SshTerminalTests;
			productReference = FEECD143161182DB00EE229E /* SshTerminalTests.octest */;
			productType = "com.apple.product-type.bundle";
		};
/* End PBXNativeTarget section */

/* Begin PBXProject section */
		FEECD10A161182DA00EE229E /* Project object */ = {
			isa = PBXProject;
			attributes = {
				LastUpgradeCheck = 0450;
				ORGANIZATIONNAME = "takahashi-hideki";
			};
			buildConfigurationList = FEECD10D161182DA00EE229E /* Build configuration list for PBXProject "SshTerminal" */;
			compatibilityVersion = "Xcode 3.2";
			developmentRegion = English;
			hasScannedForEncodings = 0;
			knownRegions = (
				en,
			);
			mainGroup = FEECD108161182DA00EE229E;
			productRefGroup = FEECD114161182DA00EE229E /* Products */;
			projectDirPath = "";
			projectRoot = "";
			targets = (
				FEECD112161182DA00EE229E /* SshTerminal */,
				FEECD142161182DB00EE229E /* SshTerminalTests */,
			);
		};
/* End PBXProject section */

/* Begin PBXResourcesBuildPhase section */
		FEECD111161182DA00EE229E /* Resources */ = {
			isa = PBXResourcesBuildPhase;
			buildActionMask = 2147483647;
			files = (
				FEECD122161182DA00EE229E /* InfoPlist.strings in Resources */,
				FEECD12A161182DA00EE229E /* Default.png in Resources */,
				FEECD12C161182DA00EE229E /* Default@2x.png in Resources */,
				FEECD12E161182DA00EE229E /* Default-568h@2x.png in Resources */,
			);
			runOnlyForDeploymentPostprocessing = 0;
		};
		FEECD140161182DB00EE229E /* Resources */ = {
			isa = PBXResourcesBuildPhase;
			buildActionMask = 2147483647;
			files = (
				FEECD14F161182DB00EE229E /* InfoPlist.strings in Resources */,
			);
			runOnlyForDeploymentPostprocessing = 0;
		};
/* End PBXResourcesBuildPhase section */

/* Begin PBXShellScriptBuildPhase section */
		FEECD141161182DB00EE229E /* ShellScript */ = {
			isa = PBXShellScriptBuildPhase;
			buildActionMask = 2147483647;
			files = (
			);
			inputPaths = (
			);
			outputPaths = (
			);
			runOnlyForDeploymentPostprocessing = 0;
			shellPath = /bin/sh;
			shellScript = "# Run the unit tests in this test bundle.\n\"${SYSTEM_DEVELOPER_DIR}/Tools/RunUnitTests\"\n";
		};
/* End PBXShellScriptBuildPhase section */

/* Begin PBXSourcesBuildPhase section */
		FEECD10F161182DA00EE229E /* Sources */ = {
			isa = PBXSourcesBuildPhase;
			buildActionMask = 2147483647;
			files = (
				558312931681F5C6003FA393 /* ori_list.c in Sources */,
				558312921681F5C0003FA393 /* ori_thread.c in Sources */,
				558312911681F5BA003FA393 /* data_access_controller.c in Sources */,
				558312861681F55C003FA393 /* ssh_connection.c in Sources */,
				558312821681F531003FA393 /* ServerAccess.m in Sources */,
				558312811681F529003FA393 /* AccessViewController.m in Sources */,
				FEECD124161182DA00EE229E /* main.m in Sources */,
				FEECD128161182DA00EE229E /* AppDelegate.m in Sources */,
				FE106D0B161A69C400E95F26 /* ssh_debug.c in Sources */,
				FEF4E61E161D189800061A9D /* TerminalViewController.m in Sources */,
				FEF03B431627CA1600CFDF79 /* NSStringLineAddition.m in Sources */,
				FEEDB2DA1627F9C100C943A8 /* VirtualTextView.m in Sources */,
				FEEDB4C7162D4CFB00771794 /* TerminalTextView.m in Sources */,
				FE4CD4CE1630D5CC0095D13E /* TerminalLog.m in Sources */,
				FE4CD4D41630E0D60095D13E /* Queue.m in Sources */,
				FE4CD4D91630E7F70095D13E /* string_misc.c in Sources */,
				FEE8CFE316363B52006896F6 /* memoryDebug.m in Sources */,
				FEEEF9A81637D394001EE9D3 /* escapesequence.c in Sources */,
				FEFD0F121638D7B2001A0B7D /* TerminalAppView.m in Sources */,
				FEFD0F151638D838001A0B7D /* AppTextView.m in Sources */,
			);
			runOnlyForDeploymentPostprocessing = 0;
		};
		FEECD13E161182DB00EE229E /* Sources */ = {
			isa = PBXSourcesBuildPhase;
			buildActionMask = 2147483647;
			files = (
				FEECD152161182DB00EE229E /* SshTerminalTests.m in Sources */,
				5583127C1681F4EC003FA393 /* ServerAccess.m in Sources */,
				558312801681F514003FA393 /* AccessViewController.m in Sources */,
				558312851681F548003FA393 /* ssh_connection.c in Sources */,
				5583128C1681F592003FA393 /* ori_list.c in Sources */,
				5583128D1681F592003FA393 /* ori_thread.c in Sources */,
				558312901681F5A1003FA393 /* data_access_controller.c in Sources */,
			);
			runOnlyForDeploymentPostprocessing = 0;
		};
/* End PBXSourcesBuildPhase section */

/* Begin PBXTargetDependency section */
		FEECD149161182DB00EE229E /* PBXTargetDependency */ = {
			isa = PBXTargetDependency;
			target = FEECD112161182DA00EE229E /* SshTerminal */;
			targetProxy = FEECD148161182DB00EE229E /* PBXContainerItemProxy */;
		};
/* End PBXTargetDependency section */

/* Begin PBXVariantGroup section */
		FEECD120161182DA00EE229E /* InfoPlist.strings */ = {
			isa = PBXVariantGroup;
			children = (
				FEECD121161182DA00EE229E /* en */,
			);
			name = InfoPlist.strings;
			sourceTree = "<group>";
		};
		FEECD14D161182DB00EE229E /* InfoPlist.strings */ = {
			isa = PBXVariantGroup;
			children = (
				FEECD14E161182DB00EE229E /* en */,
			);
			name = InfoPlist.strings;
			sourceTree = "<group>";
		};
/* End PBXVariantGroup section */

/* Begin XCBuildConfiguration section */
		FEECD153161182DB00EE229E /* Debug */ = {
			isa = XCBuildConfiguration;
			buildSettings = {
				ALWAYS_SEARCH_USER_PATHS = NO;
				CLANG_CXX_LANGUAGE_STANDARD = "gnu++0x";
				CLANG_CXX_LIBRARY = "libc++";
				CLANG_ENABLE_OBJC_ARC = NO;
				CLANG_WARN_EMPTY_BODY = YES;
				CLANG_WARN__DUPLICATE_METHOD_MATCH = YES;
				"CODE_SIGN_IDENTITY[sdk=iphoneos*]" = "iPhone Developer";
				COPY_PHASE_STRIP = NO;
				GCC_C_LANGUAGE_STANDARD = gnu99;
				GCC_DYNAMIC_NO_PIC = NO;
				GCC_OPTIMIZATION_LEVEL = 0;
				GCC_PREPROCESSOR_DEFINITIONS = (
					"DEBUG=1",
					"$(inherited)",
				);
				GCC_SYMBOLS_PRIVATE_EXTERN = NO;
				GCC_WARN_ABOUT_RETURN_TYPE = YES;
				GCC_WARN_UNINITIALIZED_AUTOS = YES;
				GCC_WARN_UNUSED_VARIABLE = YES;
				IPHONEOS_DEPLOYMENT_TARGET = 5.1;
				SDKROOT = iphoneos;
				TARGETED_DEVICE_FAMILY = "1,2";
			};
			name = Debug;
		};
		FEECD154161182DB00EE229E /* Release */ = {
			isa = XCBuildConfiguration;
			buildSettings = {
				ALWAYS_SEARCH_USER_PATHS = NO;
				CLANG_CXX_LANGUAGE_STANDARD = "gnu++0x";
				CLANG_CXX_LIBRARY = "libc++";
				CLANG_ENABLE_OBJC_ARC = NO;
				CLANG_WARN_EMPTY_BODY = YES;
				CLANG_WARN__DUPLICATE_METHOD_MATCH = YES;
				"CODE_SIGN_IDENTITY[sdk=iphoneos*]" = "iPhone Developer";
				COPY_PHASE_STRIP = YES;
				GCC_C_LANGUAGE_STANDARD = gnu99;
				GCC_WARN_ABOUT_RETURN_TYPE = YES;
				GCC_WARN_UNINITIALIZED_AUTOS = YES;
				GCC_WARN_UNUSED_VARIABLE = YES;
				IPHONEOS_DEPLOYMENT_TARGET = 5.1;
				OTHER_CFLAGS = "-DNS_BLOCK_ASSERTIONS=1";
				SDKROOT = iphoneos;
				TARGETED_DEVICE_FAMILY = "1,2";
				VALIDATE_PRODUCT = YES;
			};
			name = Release;
		};
		FEECD156161182DB00EE229E /* Debug */ = {
			isa = XCBuildConfiguration;
			buildSettings = {
				CLANG_ENABLE_OBJC_ARC = NO;
				GCC_PRECOMPILE_PREFIX_HEADER = YES;
				GCC_PREFIX_HEADER = "SshTerminal/SshTerminal-Prefix.pch";
				GCC_PREPROCESSOR_DEFINITIONS = (
					"DEBUG=1",
					"$(inherited)",
					"TARGET_OS_MAC=1",
				);
				"GCC_PREPROCESSOR_DEFINITIONS[arch=*]" = (
					"DEBUG=1",
					"$(inherited)",
					"TARGET_OS_MAC=1",
					"_SSH_DEBUG=1",
				);
				GCC_VERSION = "";
				HEADER_SEARCH_PATHS = "include/**";
				INFOPLIST_FILE = "SshTerminal/SshTerminal-Info.plist";
				LIBRARY_SEARCH_PATHS = (
					"$(inherited)",
					"\"$(SRCROOT)/../../../testenv/x2on-libssh2-for-iOS-f45b983/lib\"",
					"\"/Users/psg/Downloads/libssh2-for-iOS-master/lib\"",
					"\"$(SRCROOT)/../../lib/include/lib\"",
				);
				PRODUCT_NAME = "$(TARGET_NAME)";
				WRAPPER_EXTENSION = app;
			};
			name = Debug;
		};
		FEECD157161182DB00EE229E /* Release */ = {
			isa = XCBuildConfiguration;
			buildSettings = {
				CLANG_ENABLE_OBJC_ARC = NO;
				GCC_PRECOMPILE_PREFIX_HEADER = YES;
				GCC_PREFIX_HEADER = "SshTerminal/SshTerminal-Prefix.pch";
				GCC_VERSION = "";
				HEADER_SEARCH_PATHS = "include/**";
				INFOPLIST_FILE = "SshTerminal/SshTerminal-Info.plist";
				LIBRARY_SEARCH_PATHS = (
					"$(inherited)",
					"\"$(SRCROOT)/../../../testenv/x2on-libssh2-for-iOS-f45b983/lib\"",
					"\"/Users/psg/Downloads/libssh2-for-iOS-master/lib\"",
					"\"$(SRCROOT)/../../lib/include/lib\"",
				);
				PRODUCT_NAME = "$(TARGET_NAME)";
				WRAPPER_EXTENSION = app;
			};
			name = Release;
		};
		FEECD159161182DB00EE229E /* Debug */ = {
			isa = XCBuildConfiguration;
			buildSettings = {
				BUNDLE_LOADER = "$(BUILT_PRODUCTS_DIR)/SshTerminal.app/SshTerminal";
				FRAMEWORK_SEARCH_PATHS = (
					"\"$(SDKROOT)/Developer/Library/Frameworks\"",
					"\"$(DEVELOPER_LIBRARY_DIR)/Frameworks\"",
				);
				GCC_PRECOMPILE_PREFIX_HEADER = YES;
				GCC_PREFIX_HEADER = "SshTerminal/SshTerminal-Prefix.pch";
				INFOPLIST_FILE = "SshTerminalTests/SshTerminalTests-Info.plist";
				PRODUCT_NAME = "$(TARGET_NAME)";
				TEST_HOST = "$(BUNDLE_LOADER)";
				WRAPPER_EXTENSION = octest;
			};
			name = Debug;
		};
		FEECD15A161182DB00EE229E /* Release */ = {
			isa = XCBuildConfiguration;
			buildSettings = {
				BUNDLE_LOADER = "$(BUILT_PRODUCTS_DIR)/SshTerminal.app/SshTerminal";
				FRAMEWORK_SEARCH_PATHS = (
					"\"$(SDKROOT)/Developer/Library/Frameworks\"",
					"\"$(DEVELOPER_LIBRARY_DIR)/Frameworks\"",
				);
				GCC_PRECOMPILE_PREFIX_HEADER = YES;
				GCC_PREFIX_HEADER = "SshTerminal/SshTerminal-Prefix.pch";
				INFOPLIST_FILE = "SshTerminalTests/SshTerminalTests-Info.plist";
				PRODUCT_NAME = "$(TARGET_NAME)";
				TEST_HOST = "$(BUNDLE_LOADER)";
				WRAPPER_EXTENSION = octest;
			};
			name = Release;
		};
/* End XCBuildConfiguration section */

/* Begin XCConfigurationList section */
		FEECD10D161182DA00EE229E /* Build configuration list for PBXProject "SshTerminal" */ = {
			isa = XCConfigurationList;
			buildConfigurations = (
				FEECD153161182DB00EE229E /* Debug */,
				FEECD154161182DB00EE229E /* Release */,
			);
			defaultConfigurationIsVisible = 0;
			defaultConfigurationName = Release;
		};
		FEECD155161182DB00EE229E /* Build configuration list for PBXNativeTarget "SshTerminal" */ = {
			isa = XCConfigurationList;
			buildConfigurations = (
				FEECD156161182DB00EE229E /* Debug */,
				FEECD157161182DB00EE229E /* Release */,
			);
			defaultConfigurationIsVisible = 0;
			defaultConfigurationName = Release;
		};
		FEECD158161182DB00EE229E /* Build configuration list for PBXNativeTarget "SshTerminalTests" */ = {
			isa = XCConfigurationList;
			buildConfigurations = (
				FEECD159161182DB00EE229E /* Debug */,
				FEECD15A161182DB00EE229E /* Release */,
			);
			defaultConfigurationIsVisible = 0;
			defaultConfigurationName = Release;
		};
/* End XCConfigurationList section */
	};
	rootObject = FEECD10A161182DA00EE229E /* Project object */;
}
