// !$*UTF8*$!
{
	archiveVersion = 1;
	classes = {
	};
	objectVersion = 46;
	objects = {

/* Begin PBXBuildFile section */
		FEECD118161182DA00EE229E /* UIKit.framework in Frameworks */ = {isa = PBXBuildFile; fileRef = FEECD117161182DA00EE229E /* UIKit.framework */; };
		FEECD11A161182DA00EE229E /* Foundation.framework in Frameworks */ = {isa = PBXBuildFile; fileRef = FEECD119161182DA00EE229E /* Foundation.framework */; };
		FEECD11C161182DA00EE229E /* CoreGraphics.framework in Frameworks */ = {isa = PBXBuildFile; fileRef = FEECD11B161182DA00EE229E /* CoreGraphics.framework */; };
		FEECD122161182DA00EE229E /* InfoPlist.strings in Resources */ = {isa = PBXBuildFile; fileRef = FEECD120161182DA00EE229E /* InfoPlist.strings */; };
		FEECD124161182DA00EE229E /* main.m in Sources */ = {isa = PBXBuildFile; fileRef = FEECD123161182DA00EE229E /* main.m */; };
		FEECD128161182DA00EE229E /* AppDelegate.m in Sources */ = {isa = PBXBuildFile; fileRef = FEECD127161182DA00EE229E /* AppDelegate.m */; };
		FEECD12A161182DA00EE229E /* Default.png in Resources */ = {isa = PBXBuildFile; fileRef = FEECD129161182DA00EE229E /* Default.png */; };
		FEECD12C161182DA00EE229E /* Default@2x.png in Resources */ = {isa = PBXBuildFile; fileRef = FEECD12B161182DA00EE229E /* Default@2x.png */; };
		FEECD12E161182DA00EE229E /* Default-568h@2x.png in Resources */ = {isa = PBXBuildFile; fileRef = FEECD12D161182DA00EE229E /* Default-568h@2x.png */; };
		FEECD131161182DA00EE229E /* RootViewController.m in Sources */ = {isa = PBXBuildFile; fileRef = FEECD130161182DA00EE229E /* RootViewController.m */; };
		FEECD134161182DA00EE229E /* DataViewController.m in Sources */ = {isa = PBXBuildFile; fileRef = FEECD133161182DA00EE229E /* DataViewController.m */; };
		FEECD137161182DA00EE229E /* ModelController.m in Sources */ = {isa = PBXBuildFile; fileRef = FEECD136161182DA00EE229E /* ModelController.m */; };
		FEECD13A161182DA00EE229E /* MainStoryboard_iPhone.storyboard in Resources */ = {isa = PBXBuildFile; fileRef = FEECD138161182DA00EE229E /* MainStoryboard_iPhone.storyboard */; };
		FEECD13D161182DA00EE229E /* MainStoryboard_iPad.storyboard in Resources */ = {isa = PBXBuildFile; fileRef = FEECD13B161182DA00EE229E /* MainStoryboard_iPad.storyboard */; };
		FEECD145161182DB00EE229E /* SenTestingKit.framework in Frameworks */ = {isa = PBXBuildFile; fileRef = FEECD144161182DB00EE229E /* SenTestingKit.framework */; };
		FEECD146161182DB00EE229E /* UIKit.framework in Frameworks */ = {isa = PBXBuildFile; fileRef = FEECD117161182DA00EE229E /* UIKit.framework */; };
		FEECD147161182DB00EE229E /* Foundation.framework in Frameworks */ = {isa = PBXBuildFile; fileRef = FEECD119161182DA00EE229E /* Foundation.framework */; };
		FEECD14F161182DB00EE229E /* InfoPlist.strings in Resources */ = {isa = PBXBuildFile; fileRef = FEECD14D161182DB00EE229E /* InfoPlist.strings */; };
		FEECD152161182DB00EE229E /* SshTerminalTests.m in Sources */ = {isa = PBXBuildFile; fileRef = FEECD151161182DB00EE229E /* SshTerminalTests.m */; };
/* End PBXBuildFile section */

/* Begin PBXContainerItemProxy section */
		FEECD148161182DB00EE229E /* PBXContainerItemProxy */ = {
			isa = PBXContainerItemProxy;
			containerPortal = FEECD10A161182DA00EE229E /* Project object */;
			proxyType = 1;
			remoteGlobalIDString = FEECD112161182DA00EE229E;
			remoteInfo = SshTerminal;
		};
/* End PBXContainerItemProxy section */

/* Begin PBXFileReference section */
		FEECD113161182DA00EE229E /* SshTerminal.app */ = {isa = PBXFileReference; explicitFileType = wrapper.application; includeInIndex = 0; path = SshTerminal.app; sourceTree = BUILT_PRODUCTS_DIR; };
		FEECD117161182DA00EE229E /* UIKit.framework */ = {isa = PBXFileReference; lastKnownFileType = wrapper.framework; name = UIKit.framework; path = System/Library/Frameworks/UIKit.framework; sourceTree = SDKROOT; };
		FEECD119161182DA00EE229E /* Foundation.framework */ = {isa = PBXFileReference; lastKnownFileType = wrapper.framework; name = Foundation.framework; path = System/Library/Frameworks/Foundation.framework; sourceTree = SDKROOT; };
		FEECD11B161182DA00EE229E /* CoreGraphics.framework */ = {isa = PBXFileReference; lastKnownFileType = wrapper.framework; name = CoreGraphics.framework; path = System/Library/Frameworks/CoreGraphics.framework; sourceTree = SDKROOT; };
		FEECD11F161182DA00EE229E /* SshTerminal-Info.plist */ = {isa = PBXFileReference; lastKnownFileType = text.plist.xml; path = "SshTerminal-Info.plist"; sourceTree = "<group>"; };
		FEECD121161182DA00EE229E /* en */ = {isa = PBXFileReference; lastKnownFileType = text.plist.strings; name = en; path = en.lproj/InfoPlist.strings; sourceTree = "<group>"; };
		FEECD123161182DA00EE229E /* main.m */ = {isa = PBXFileReference; lastKnownFileType = sourcecode.c.objc; path = main.m; sourceTree = "<group>"; };
		FEECD125161182DA00EE229E /* SshTerminal-Prefix.pch */ = {isa = PBXFileReference; lastKnownFileType = sourcecode.c.h; path = "SshTerminal-Prefix.pch"; sourceTree = "<group>"; };
		FEECD126161182DA00EE229E /* AppDelegate.h */ = {isa = PBXFileReference; lastKnownFileType = sourcecode.c.h; path = AppDelegate.h; sourceTree = "<group>"; };
		FEECD127161182DA00EE229E /* AppDelegate.m */ = {isa = PBXFileReference; lastKnownFileType = sourcecode.c.objc; path = AppDelegate.m; sourceTree = "<group>"; };
		FEECD129161182DA00EE229E /* Default.png */ = {isa = PBXFileReference; lastKnownFileType = image.png; path = Default.png; sourceTree = "<group>"; };
		FEECD12B161182DA00EE229E /* Default@2x.png */ = {isa = PBXFileReference; lastKnownFileType = image.png; path = "Default@2x.png"; sourceTree = "<group>"; };
		FEECD12D161182DA00EE229E /* Default-568h@2x.png */ = {isa = PBXFileReference; lastKnownFileType = image.png; path = "Default-568h@2x.png"; sourceTree = "<group>"; };
		FEECD12F161182DA00EE229E /* RootViewController.h */ = {isa = PBXFileReference; lastKnownFileType = sourcecode.c.h; path = RootViewController.h; sourceTree = "<group>"; };
		FEECD130161182DA00EE229E /* RootViewController.m */ = {isa = PBXFileReference; lastKnownFileType = sourcecode.c.objc; path = RootViewController.m; sourceTree = "<group>"; };
		FEECD132161182DA00EE229E /* DataViewController.h */ = {isa = PBXFileReference; lastKnownFileType = sourcecode.c.h; path = DataViewController.h; sourceTree = "<group>"; };
		FEECD133161182DA00EE229E /* DataViewController.m */ = {isa = PBXFileReference; lastKnownFileType = sourcecode.c.objc; path = DataViewController.m; sourceTree = "<group>"; };
		FEECD135161182DA00EE229E /* ModelController.h */ = {isa = PBXFileReference; lastKnownFileType = sourcecode.c.h; path = ModelController.h; sourceTree = "<group>"; };
		FEECD136161182DA00EE229E /* ModelController.m */ = {isa = PBXFileReference; lastKnownFileType = sourcecode.c.objc; path = ModelController.m; sourceTree = "<group>"; };
		FEECD139161182DA00EE229E /* en */ = {isa = PBXFileReference; lastKnownFileType = file.storyboard; name = en; path = en.lproj/MainStoryboard_iPhone.storyboard; sourceTree = "<group>"; };
		FEECD13C161182DA00EE229E /* en */ = {isa = PBXFileReference; lastKnownFileType = file.storyboard; name = en; path = en.lproj/MainStoryboard_iPad.storyboard; sourceTree = "<group>"; };
		FEECD143161182DB00EE229E /* SshTerminalTests.octest */ = {isa = PBXFileReference; explicitFileType = wrapper.cfbundle; includeInIndex = 0; path = SshTerminalTests.octest; sourceTree = BUILT_PRODUCTS_DIR; };
		FEECD144161182DB00EE229E /* SenTestingKit.framework */ = {isa = PBXFileReference; lastKnownFileType = wrapper.framework; name = SenTestingKit.framework; path = Library/Frameworks/SenTestingKit.framework; sourceTree = DEVELOPER_DIR; };
		FEECD14C161182DB00EE229E /* SshTerminalTests-Info.plist */ = {isa = PBXFileReference; lastKnownFileType = text.plist.xml; path = "SshTerminalTests-Info.plist"; sourceTree = "<group>"; };
		FEECD14E161182DB00EE229E /* en */ = {isa = PBXFileReference; lastKnownFileType = text.plist.strings; name = en; path = en.lproj/InfoPlist.strings; sourceTree = "<group>"; };
		FEECD150161182DB00EE229E /* SshTerminalTests.h */ = {isa = PBXFileReference; lastKnownFileType = sourcecode.c.h; path = SshTerminalTests.h; sourceTree = "<group>"; };
		FEECD151161182DB00EE229E /* SshTerminalTests.m */ = {isa = PBXFileReference; lastKnownFileType = sourcecode.c.objc; path = SshTerminalTests.m; sourceTree = "<group>"; };
/* End PBXFileReference section */

/* Begin PBXFrameworksBuildPhase section */
		FEECD110161182DA00EE229E /* Frameworks */ = {
			isa = PBXFrameworksBuildPhase;
			buildActionMask = 2147483647;
			files = (
				FEECD118161182DA00EE229E /* UIKit.framework in Frameworks */,
				FEECD11A161182DA00EE229E /* Foundation.framework in Frameworks */,
				FEECD11C161182DA00EE229E /* CoreGraphics.framework in Frameworks */,
			);
			runOnlyForDeploymentPostprocessing = 0;
		};
		FEECD13F161182DB00EE229E /* Frameworks */ = {
			isa = PBXFrameworksBuildPhase;
			buildActionMask = 2147483647;
			files = (
				FEECD145161182DB00EE229E /* SenTestingKit.framework in Frameworks */,
				FEECD146161182DB00EE229E /* UIKit.framework in Frameworks */,
				FEECD147161182DB00EE229E /* Foundation.framework in Frameworks */,
			);
			runOnlyForDeploymentPostprocessing = 0;
		};
/* End PBXFrameworksBuildPhase section */

/* Begin PBXGroup section */
		FEECD108161182DA00EE229E = {
			isa = PBXGroup;
			children = (
				FEECD11D161182DA00EE229E /* SshTerminal */,
				FEECD14A161182DB00EE229E /* SshTerminalTests */,
				FEECD116161182DA00EE229E /* Frameworks */,
				FEECD114161182DA00EE229E /* Products */,
			);
			sourceTree = "<group>";
		};
		FEECD114161182DA00EE229E /* Products */ = {
			isa = PBXGroup;
			children = (
				FEECD113161182DA00EE229E /* SshTerminal.app */,
				FEECD143161182DB00EE229E /* SshTerminalTests.octest */,
			);
			name = Products;
			sourceTree = "<group>";
		};
		FEECD116161182DA00EE229E /* Frameworks */ = {
			isa = PBXGroup;
			children = (
				FEECD117161182DA00EE229E /* UIKit.framework */,
				FEECD119161182DA00EE229E /* Foundation.framework */,
				FEECD11B161182DA00EE229E /* CoreGraphics.framework */,
				FEECD144161182DB00EE229E /* SenTestingKit.framework */,
			);
			name = Frameworks;
			sourceTree = "<group>";
		};
		FEECD11D161182DA00EE229E /* SshTerminal */ = {
			isa = PBXGroup;
			children = (
				FEECD126161182DA00EE229E /* AppDelegate.h */,
				FEECD127161182DA00EE229E /* AppDelegate.m */,
				FEECD12F161182DA00EE229E /* RootViewController.h */,
				FEECD130161182DA00EE229E /* RootViewController.m */,
				FEECD132161182DA00EE229E /* DataViewController.h */,
				FEECD133161182DA00EE229E /* DataViewController.m */,
				FEECD135161182DA00EE229E /* ModelController.h */,
				FEECD136161182DA00EE229E /* ModelController.m */,
				FEECD138161182DA00EE229E /* MainStoryboard_iPhone.storyboard */,
				FEECD13B161182DA00EE229E /* MainStoryboard_iPad.storyboard */,
				FEECD11E161182DA00EE229E /* Supporting Files */,
			);
			path = SshTerminal;
			sourceTree = "<group>";
		};
		FEECD11E161182DA00EE229E /* Supporting Files */ = {
			isa = PBXGroup;
			children = (
				FEECD11F161182DA00EE229E /* SshTerminal-Info.plist */,
				FEECD120161182DA00EE229E /* InfoPlist.strings */,
				FEECD123161182DA00EE229E /* main.m */,
				FEECD125161182DA00EE229E /* SshTerminal-Prefix.pch */,
				FEECD129161182DA00EE229E /* Default.png */,
				FEECD12B161182DA00EE229E /* Default@2x.png */,
				FEECD12D161182DA00EE229E /* Default-568h@2x.png */,
			);
			name = "Supporting Files";
			sourceTree = "<group>";
		};
		FEECD14A161182DB00EE229E /* SshTerminalTests */ = {
			isa = PBXGroup;
			children = (
				FEECD150161182DB00EE229E /* SshTerminalTests.h */,
				FEECD151161182DB00EE229E /* SshTerminalTests.m */,
				FEECD14B161182DB00EE229E /* Supporting Files */,
			);
			path = SshTerminalTests;
			sourceTree = "<group>";
		};
		FEECD14B161182DB00EE229E /* Supporting Files */ = {
			isa = PBXGroup;
			children = (
				FEECD14C161182DB00EE229E /* SshTerminalTests-Info.plist */,
				FEECD14D161182DB00EE229E /* InfoPlist.strings */,
			);
			name = "Supporting Files";
			sourceTree = "<group>";
		};
/* End PBXGroup section */

/* Begin PBXNativeTarget section */
		FEECD112161182DA00EE229E /* SshTerminal */ = {
			isa = PBXNativeTarget;
			buildConfigurationList = FEECD155161182DB00EE229E /* Build configuration list for PBXNativeTarget "SshTerminal" */;
			buildPhases = (
				FEECD10F161182DA00EE229E /* Sources */,
				FEECD110161182DA00EE229E /* Frameworks */,
				FEECD111161182DA00EE229E /* Resources */,
			);
			buildRules = (
			);
			dependencies = (
			);
			name = SshTerminal;
			productName = SshTerminal;
			productReference = FEECD113161182DA00EE229E /* SshTerminal.app */;
			productType = "com.apple.product-type.application";
		};
		FEECD142161182DB00EE229E /* SshTerminalTests */ = {
			isa = PBXNativeTarget;
			buildConfigurationList = FEECD158161182DB00EE229E /* Build configuration list for PBXNativeTarget "SshTerminalTests" */;
			buildPhases = (
				FEECD13E161182DB00EE229E /* Sources */,
				FEECD13F161182DB00EE229E /* Frameworks */,
				FEECD140161182DB00EE229E /* Resources */,
				FEECD141161182DB00EE229E /* ShellScript */,
			);
			buildRules = (
			);
			dependencies = (
				FEECD149161182DB00EE229E /* PBXTargetDependency */,
			);
			name = SshTerminalTests;
			productName = SshTerminalTests;
			productReference = FEECD143161182DB00EE229E /* SshTerminalTests.octest */;
			productType = "com.apple.product-type.bundle";
		};
/* End PBXNativeTarget section */

/* Begin PBXProject section */
		FEECD10A161182DA00EE229E /* Project object */ = {
			isa = PBXProject;
			attributes = {
				LastUpgradeCheck = 0450;
				ORGANIZATIONNAME = "takahashi-hideki";
			};
			buildConfigurationList = FEECD10D161182DA00EE229E /* Build configuration list for PBXProject "SshTerminal" */;
			compatibilityVersion = "Xcode 3.2";
			developmentRegion = English;
			hasScannedForEncodings = 0;
			knownRegions = (
				en,
			);
			mainGroup = FEECD108161182DA00EE229E;
			productRefGroup = FEECD114161182DA00EE229E /* Products */;
			projectDirPath = "";
			projectRoot = "";
			targets = (
				FEECD112161182DA00EE229E /* SshTerminal */,
				FEECD142161182DB00EE229E /* SshTerminalTests */,
			);
		};
/* End PBXProject section */

/* Begin PBXResourcesBuildPhase section */
		FEECD111161182DA00EE229E /* Resources */ = {
			isa = PBXResourcesBuildPhase;
			buildActionMask = 2147483647;
			files = (
				FEECD122161182DA00EE229E /* InfoPlist.strings in Resources */,
				FEECD12A161182DA00EE229E /* Default.png in Resources */,
				FEECD12C161182DA00EE229E /* Default@2x.png in Resources */,
				FEECD12E161182DA00EE229E /* Default-568h@2x.png in Resources */,
				FEECD13A161182DA00EE229E /* MainStoryboard_iPhone.storyboard in Resources */,
				FEECD13D161182DA00EE229E /* MainStoryboard_iPad.storyboard in Resources */,
			);
			runOnlyForDeploymentPostprocessing = 0;
		};
		FEECD140161182DB00EE229E /* Resources */ = {
			isa = PBXResourcesBuildPhase;
			buildActionMask = 2147483647;
			files = (
				FEECD14F161182DB00EE229E /* InfoPlist.strings in Resources */,
			);
			runOnlyForDeploymentPostprocessing = 0;
		};
/* End PBXResourcesBuildPhase section */

/* Begin PBXShellScriptBuildPhase section */
		FEECD141161182DB00EE229E /* ShellScript */ = {
			isa = PBXShellScriptBuildPhase;
			buildActionMask = 2147483647;
			files = (
			);
			inputPaths = (
			);
			outputPaths = (
			);
			runOnlyForDeploymentPostprocessing = 0;
			shellPath = /bin/sh;
			shellScript = "# Run the unit tests in this test bundle.\n\"${SYSTEM_DEVELOPER_DIR}/Tools/RunUnitTests\"\n";
		};
/* End PBXShellScriptBuildPhase section */

/* Begin PBXSourcesBuildPhase section */
		FEECD10F161182DA00EE229E /* Sources */ = {
			isa = PBXSourcesBuildPhase;
			buildActionMask = 2147483647;
			files = (
				FEECD124161182DA00EE229E /* main.m in Sources */,
				FEECD128161182DA00EE229E /* AppDelegate.m in Sources */,
				FEECD131161182DA00EE229E /* RootViewController.m in Sources */,
				FEECD134161182DA00EE229E /* DataViewController.m in Sources */,
				FEECD137161182DA00EE229E /* ModelController.m in Sources */,
			);
			runOnlyForDeploymentPostprocessing = 0;
		};
		FEECD13E161182DB00EE229E /* Sources */ = {
			isa = PBXSourcesBuildPhase;
			buildActionMask = 2147483647;
			files = (
				FEECD152161182DB00EE229E /* SshTerminalTests.m in Sources */,
			);
			runOnlyForDeploymentPostprocessing = 0;
		};
/* End PBXSourcesBuildPhase section */

/* Begin PBXTargetDependency section */
		FEECD149161182DB00EE229E /* PBXTargetDependency */ = {
			isa = PBXTargetDependency;
			target = FEECD112161182DA00EE229E /* SshTerminal */;
			targetProxy = FEECD148161182DB00EE229E /* PBXContainerItemProxy */;
		};
/* End PBXTargetDependency section */

/* Begin PBXVariantGroup section */
		FEECD120161182DA00EE229E /* InfoPlist.strings */ = {
			isa = PBXVariantGroup;
			children = (
				FEECD121161182DA00EE229E /* en */,
			);
			name = InfoPlist.strings;
			sourceTree = "<group>";
		};
		FEECD138161182DA00EE229E /* MainStoryboard_iPhone.storyboard */ = {
			isa = PBXVariantGroup;
			children = (
				FEECD139161182DA00EE229E /* en */,
			);
			name = MainStoryboard_iPhone.storyboard;
			sourceTree = "<group>";
		};
		FEECD13B161182DA00EE229E /* MainStoryboard_iPad.storyboard */ = {
			isa = PBXVariantGroup;
			children = (
				FEECD13C161182DA00EE229E /* en */,
			);
			name = MainStoryboard_iPad.storyboard;
			sourceTree = "<group>";
		};
		FEECD14D161182DB00EE229E /* InfoPlist.strings */ = {
			isa = PBXVariantGroup;
			children = (
				FEECD14E161182DB00EE229E /* en */,
			);
			name = InfoPlist.strings;
			sourceTree = "<group>";
		};
/* End PBXVariantGroup section */

/* Begin XCBuildConfiguration section */
		FEECD153161182DB00EE229E /* Debug */ = {
			isa = XCBuildConfiguration;
			buildSettings = {
				ALWAYS_SEARCH_USER_PATHS = NO;
				CLANG_CXX_LANGUAGE_STANDARD = "gnu++0x";
				CLANG_CXX_LIBRARY = "libc++";
				CLANG_ENABLE_OBJC_ARC = YES;
				CLANG_WARN_EMPTY_BODY = YES;
				CLANG_WARN__DUPLICATE_METHOD_MATCH = YES;
				"CODE_SIGN_IDENTITY[sdk=iphoneos*]" = "iPhone Developer";
				COPY_PHASE_STRIP = NO;
				GCC_C_LANGUAGE_STANDARD = gnu99;
				GCC_DYNAMIC_NO_PIC = NO;
				GCC_OPTIMIZATION_LEVEL = 0;
				GCC_PREPROCESSOR_DEFINITIONS = (
					"DEBUG=1",
					"$(inherited)",
				);
				GCC_SYMBOLS_PRIVATE_EXTERN = NO;
				GCC_WARN_ABOUT_RETURN_TYPE = YES;
				GCC_WARN_UNINITIALIZED_AUTOS = YES;
				GCC_WARN_UNUSED_VARIABLE = YES;
				IPHONEOS_DEPLOYMENT_TARGET = 6.0;
				SDKROOT = iphoneos;
				TARGETED_DEVICE_FAMILY = "1,2";
			};
			name = Debug;
		};
		FEECD154161182DB00EE229E /* Release */ = {
			isa = XCBuildConfiguration;
			buildSettings = {
				ALWAYS_SEARCH_USER_PATHS = NO;
				CLANG_CXX_LANGUAGE_STANDARD = "gnu++0x";
				CLANG_CXX_LIBRARY = "libc++";
				CLANG_ENABLE_OBJC_ARC = YES;
				CLANG_WARN_EMPTY_BODY = YES;
				CLANG_WARN__DUPLICATE_METHOD_MATCH = YES;
				"CODE_SIGN_IDENTITY[sdk=iphoneos*]" = "iPhone Developer";
				COPY_PHASE_STRIP = YES;
				GCC_C_LANGUAGE_STANDARD = gnu99;
				GCC_WARN_ABOUT_RETURN_TYPE = YES;
				GCC_WARN_UNINITIALIZED_AUTOS = YES;
				GCC_WARN_UNUSED_VARIABLE = YES;
				IPHONEOS_DEPLOYMENT_TARGET = 6.0;
				OTHER_CFLAGS = "-DNS_BLOCK_ASSERTIONS=1";
				SDKROOT = iphoneos;
				TARGETED_DEVICE_FAMILY = "1,2";
				VALIDATE_PRODUCT = YES;
			};
			name = Release;
		};
		FEECD156161182DB00EE229E /* Debug */ = {
			isa = XCBuildConfiguration;
			buildSettings = {
				GCC_PRECOMPILE_PREFIX_HEADER = YES;
				GCC_PREFIX_HEADER = "SshTerminal/SshTerminal-Prefix.pch";
				INFOPLIST_FILE = "SshTerminal/SshTerminal-Info.plist";
				PRODUCT_NAME = "$(TARGET_NAME)";
				WRAPPER_EXTENSION = app;
			};
			name = Debug;
		};
		FEECD157161182DB00EE229E /* Release */ = {
			isa = XCBuildConfiguration;
			buildSettings = {
				GCC_PRECOMPILE_PREFIX_HEADER = YES;
				GCC_PREFIX_HEADER = "SshTerminal/SshTerminal-Prefix.pch";
				INFOPLIST_FILE = "SshTerminal/SshTerminal-Info.plist";
				PRODUCT_NAME = "$(TARGET_NAME)";
				WRAPPER_EXTENSION = app;
			};
			name = Release;
		};
		FEECD159161182DB00EE229E /* Debug */ = {
			isa = XCBuildConfiguration;
			buildSettings = {
				BUNDLE_LOADER = "$(BUILT_PRODUCTS_DIR)/SshTerminal.app/SshTerminal";
				FRAMEWORK_SEARCH_PATHS = (
					"\"$(SDKROOT)/Developer/Library/Frameworks\"",
					"\"$(DEVELOPER_LIBRARY_DIR)/Frameworks\"",
				);
				GCC_PRECOMPILE_PREFIX_HEADER = YES;
				GCC_PREFIX_HEADER = "SshTerminal/SshTerminal-Prefix.pch";
				INFOPLIST_FILE = "SshTerminalTests/SshTerminalTests-Info.plist";
				PRODUCT_NAME = "$(TARGET_NAME)";
				TEST_HOST = "$(BUNDLE_LOADER)";
				WRAPPER_EXTENSION = octest;
			};
			name = Debug;
		};
		FEECD15A161182DB00EE229E /* Release */ = {
			isa = XCBuildConfiguration;
			buildSettings = {
				BUNDLE_LOADER = "$(BUILT_PRODUCTS_DIR)/SshTerminal.app/SshTerminal";
				FRAMEWORK_SEARCH_PATHS = (
					"\"$(SDKROOT)/Developer/Library/Frameworks\"",
					"\"$(DEVELOPER_LIBRARY_DIR)/Frameworks\"",
				);
				GCC_PRECOMPILE_PREFIX_HEADER = YES;
				GCC_PREFIX_HEADER = "SshTerminal/SshTerminal-Prefix.pch";
				INFOPLIST_FILE = "SshTerminalTests/SshTerminalTests-Info.plist";
				PRODUCT_NAME = "$(TARGET_NAME)";
				TEST_HOST = "$(BUNDLE_LOADER)";
				WRAPPER_EXTENSION = octest;
			};
			name = Release;
		};
/* End XCBuildConfiguration section */

/* Begin XCConfigurationList section */
		FEECD10D161182DA00EE229E /* Build configuration list for PBXProject "SshTerminal" */ = {
			isa = XCConfigurationList;
			buildConfigurations = (
				FEECD153161182DB00EE229E /* Debug */,
				FEECD154161182DB00EE229E /* Release */,
			);
			defaultConfigurationIsVisible = 0;
			defaultConfigurationName = Release;
		};
		FEECD155161182DB00EE229E /* Build configuration list for PBXNativeTarget "SshTerminal" */ = {
			isa = XCConfigurationList;
			buildConfigurations = (
				FEECD156161182DB00EE229E /* Debug */,
				FEECD157161182DB00EE229E /* Release */,
			);
			defaultConfigurationIsVisible = 0;
		};
		FEECD158161182DB00EE229E /* Build configuration list for PBXNativeTarget "SshTerminalTests" */ = {
			isa = XCConfigurationList;
			buildConfigurations = (
				FEECD159161182DB00EE229E /* Debug */,
				FEECD15A161182DB00EE229E /* Release */,
			);
			defaultConfigurationIsVisible = 0;
		};
/* End XCConfigurationList section */
	};
	rootObject = FEECD10A161182DA00EE229E /* Project object */;
}
